// !$*UTF8*$!
{
	archiveVersion = 1;
	classes = {
	};
	objectVersion = 50;
	objects = {

/* Begin PBXBuildFile section */
		A8AA27C026A753B4005965EE /* AppDelegate.swift in Sources */ = {isa = PBXBuildFile; fileRef = A8AA27BF26A753B4005965EE /* AppDelegate.swift */; };
		A8AA27C226A753B4005965EE /* SceneDelegate.swift in Sources */ = {isa = PBXBuildFile; fileRef = A8AA27C126A753B4005965EE /* SceneDelegate.swift */; };
		A8AA27C426A753B4005965EE /* ViewController.swift in Sources */ = {isa = PBXBuildFile; fileRef = A8AA27C326A753B4005965EE /* ViewController.swift */; };
		A8AA27C726A753B4005965EE /* Main.storyboard in Resources */ = {isa = PBXBuildFile; fileRef = A8AA27C526A753B4005965EE /* Main.storyboard */; };
		A8AA27C926A753B4005965EE /* Assets.xcassets in Resources */ = {isa = PBXBuildFile; fileRef = A8AA27C826A753B4005965EE /* Assets.xcassets */; };
		A8AA27CC26A753B4005965EE /* LaunchScreen.storyboard in Resources */ = {isa = PBXBuildFile; fileRef = A8AA27CA26A753B4005965EE /* LaunchScreen.storyboard */; };
		A8AA27D726A753B4005965EE /* exampleTests.swift in Sources */ = {isa = PBXBuildFile; fileRef = A8AA27D626A753B4005965EE /* exampleTests.swift */; };
		A8AA27E226A753B4005965EE /* exampleUITests.swift in Sources */ = {isa = PBXBuildFile; fileRef = A8AA27E126A753B4005965EE /* exampleUITests.swift */; };
/* End PBXBuildFile section */

/* Begin PBXContainerItemProxy section */
		A8AA27D326A753B4005965EE /* PBXContainerItemProxy */ = {
			isa = PBXContainerItemProxy;
			containerPortal = A8AA27B426A753B4005965EE /* Project object */;
			proxyType = 1;
			remoteGlobalIDString = A8AA27BB26A753B4005965EE;
			remoteInfo = example;
		};
		A8AA27DE26A753B4005965EE /* PBXContainerItemProxy */ = {
			isa = PBXContainerItemProxy;
			containerPortal = A8AA27B426A753B4005965EE /* Project object */;
			proxyType = 1;
			remoteGlobalIDString = A8AA27BB26A753B4005965EE;
			remoteInfo = example;
		};
/* End PBXContainerItemProxy section */

/* Begin PBXFileReference section */
		A8AA27BC26A753B4005965EE /* example.app */ = {isa = PBXFileReference; explicitFileType = wrapper.application; includeInIndex = 0; path = example.app; sourceTree = BUILT_PRODUCTS_DIR; };
		A8AA27BF26A753B4005965EE /* AppDelegate.swift */ = {isa = PBXFileReference; lastKnownFileType = sourcecode.swift; path = AppDelegate.swift; sourceTree = "<group>"; };
		A8AA27C126A753B4005965EE /* SceneDelegate.swift */ = {isa = PBXFileReference; lastKnownFileType = sourcecode.swift; path = SceneDelegate.swift; sourceTree = "<group>"; };
		A8AA27C326A753B4005965EE /* ViewController.swift */ = {isa = PBXFileReference; lastKnownFileType = sourcecode.swift; path = ViewController.swift; sourceTree = "<group>"; };
		A8AA27C626A753B4005965EE /* Base */ = {isa = PBXFileReference; lastKnownFileType = file.storyboard; name = Base; path = Base.lproj/Main.storyboard; sourceTree = "<group>"; };
		A8AA27C826A753B4005965EE /* Assets.xcassets */ = {isa = PBXFileReference; lastKnownFileType = folder.assetcatalog; path = Assets.xcassets; sourceTree = "<group>"; };
		A8AA27CB26A753B4005965EE /* Base */ = {isa = PBXFileReference; lastKnownFileType = file.storyboard; name = Base; path = Base.lproj/LaunchScreen.storyboard; sourceTree = "<group>"; };
		A8AA27CD26A753B4005965EE /* Info.plist */ = {isa = PBXFileReference; lastKnownFileType = text.plist.xml; path = Info.plist; sourceTree = "<group>"; };
		A8AA27D226A753B4005965EE /* exampleTests.xctest */ = {isa = PBXFileReference; explicitFileType = wrapper.cfbundle; includeInIndex = 0; path = exampleTests.xctest; sourceTree = BUILT_PRODUCTS_DIR; };
		A8AA27D626A753B4005965EE /* exampleTests.swift */ = {isa = PBXFileReference; lastKnownFileType = sourcecode.swift; path = exampleTests.swift; sourceTree = "<group>"; };
		A8AA27D826A753B4005965EE /* Info.plist */ = {isa = PBXFileReference; lastKnownFileType = text.plist.xml; path = Info.plist; sourceTree = "<group>"; };
		A8AA27DD26A753B4005965EE /* exampleUITests.xctest */ = {isa = PBXFileReference; explicitFileType = wrapper.cfbundle; includeInIndex = 0; path = exampleUITests.xctest; sourceTree = BUILT_PRODUCTS_DIR; };
		A8AA27E126A753B4005965EE /* exampleUITests.swift */ = {isa = PBXFileReference; lastKnownFileType = sourcecode.swift; path = exampleUITests.swift; sourceTree = "<group>"; };
		A8AA27E326A753B4005965EE /* Info.plist */ = {isa = PBXFileReference; lastKnownFileType = text.plist.xml; path = Info.plist; sourceTree = "<group>"; };
/* End PBXFileReference section */

/* Begin PBXFrameworksBuildPhase section */
		A8AA27B926A753B4005965EE /* Frameworks */ = {
			isa = PBXFrameworksBuildPhase;
			buildActionMask = 2147483647;
			files = (
			);
			runOnlyForDeploymentPostprocessing = 0;
		};
		A8AA27CF26A753B4005965EE /* Frameworks */ = {
			isa = PBXFrameworksBuildPhase;
			buildActionMask = 2147483647;
			files = (
			);
			runOnlyForDeploymentPostprocessing = 0;
		};
		A8AA27DA26A753B4005965EE /* Frameworks */ = {
			isa = PBXFrameworksBuildPhase;
			buildActionMask = 2147483647;
			files = (
			);
			runOnlyForDeploymentPostprocessing = 0;
		};
/* End PBXFrameworksBuildPhase section */

/* Begin PBXGroup section */
		A8AA27B326A753B4005965EE = {
			isa = PBXGroup;
			children = (
				A8AA27BE26A753B4005965EE /* example */,
				A8AA27D526A753B4005965EE /* exampleTests */,
				A8AA27E026A753B4005965EE /* exampleUITests */,
				A8AA27BD26A753B4005965EE /* Products */,
			);
			sourceTree = "<group>";
		};
		A8AA27BD26A753B4005965EE /* Products */ = {
			isa = PBXGroup;
			children = (
				A8AA27BC26A753B4005965EE /* example.app */,
				A8AA27D226A753B4005965EE /* exampleTests.xctest */,
				A8AA27DD26A753B4005965EE /* exampleUITests.xctest */,
			);
			name = Products;
			sourceTree = "<group>";
		};
		A8AA27BE26A753B4005965EE /* example */ = {
			isa = PBXGroup;
			children = (
				A8AA27BF26A753B4005965EE /* AppDelegate.swift */,
				A8AA27C126A753B4005965EE /* SceneDelegate.swift */,
				A8AA27C326A753B4005965EE /* ViewController.swift */,
				A8AA27C526A753B4005965EE /* Main.storyboard */,
				A8AA27C826A753B4005965EE /* Assets.xcassets */,
				A8AA27CA26A753B4005965EE /* LaunchScreen.storyboard */,
				A8AA27CD26A753B4005965EE /* Info.plist */,
			);
			path = example;
			sourceTree = "<group>";
		};
		A8AA27D526A753B4005965EE /* exampleTests */ = {
			isa = PBXGroup;
			children = (
				A8AA27D626A753B4005965EE /* exampleTests.swift */,
				A8AA27D826A753B4005965EE /* Info.plist */,
			);
			path = exampleTests;
			sourceTree = "<group>";
		};
		A8AA27E026A753B4005965EE /* exampleUITests */ = {
			isa = PBXGroup;
			children = (
				A8AA27E126A753B4005965EE /* exampleUITests.swift */,
				A8AA27E326A753B4005965EE /* Info.plist */,
			);
			path = exampleUITests;
			sourceTree = "<group>";
		};
/* End PBXGroup section */

/* Begin PBXNativeTarget section */
		A8AA27BB26A753B4005965EE /* example */ = {
			isa = PBXNativeTarget;
			buildConfigurationList = A8AA27E626A753B4005965EE /* Build configuration list for PBXNativeTarget "example" */;
			buildPhases = (
				A8AA27B826A753B4005965EE /* Sources */,
				A8AA27B926A753B4005965EE /* Frameworks */,
				A8AA27BA26A753B4005965EE /* Resources */,
			);
			buildRules = (
			);
			dependencies = (
			);
			name = example;
			productName = example;
			productReference = A8AA27BC26A753B4005965EE /* example.app */;
			productType = "com.apple.product-type.application";
		};
		A8AA27D126A753B4005965EE /* exampleTests */ = {
			isa = PBXNativeTarget;
			buildConfigurationList = A8AA27E926A753B4005965EE /* Build configuration list for PBXNativeTarget "exampleTests" */;
			buildPhases = (
				A8AA27CE26A753B4005965EE /* Sources */,
				A8AA27CF26A753B4005965EE /* Frameworks */,
				A8AA27D026A753B4005965EE /* Resources */,
			);
			buildRules = (
			);
			dependencies = (
				A8AA27D426A753B4005965EE /* PBXTargetDependency */,
			);
			name = exampleTests;
			productName = exampleTests;
			productReference = A8AA27D226A753B4005965EE /* exampleTests.xctest */;
			productType = "com.apple.product-type.bundle.unit-test";
		};
		A8AA27DC26A753B4005965EE /* exampleUITests */ = {
			isa = PBXNativeTarget;
			buildConfigurationList = A8AA27EC26A753B4005965EE /* Build configuration list for PBXNativeTarget "exampleUITests" */;
			buildPhases = (
				A8AA27D926A753B4005965EE /* Sources */,
				A8AA27DA26A753B4005965EE /* Frameworks */,
				A8AA27DB26A753B4005965EE /* Resources */,
			);
			buildRules = (
			);
			dependencies = (
				A8AA27DF26A753B4005965EE /* PBXTargetDependency */,
			);
			name = exampleUITests;
			productName = exampleUITests;
			productReference = A8AA27DD26A753B4005965EE /* exampleUITests.xctest */;
			productType = "com.apple.product-type.bundle.ui-testing";
		};
/* End PBXNativeTarget section */

/* Begin PBXProject section */
		A8AA27B426A753B4005965EE /* Project object */ = {
			isa = PBXProject;
			attributes = {
				LastSwiftUpdateCheck = 1250;
				LastUpgradeCheck = 1250;
				TargetAttributes = {
					A8AA27BB26A753B4005965EE = {
						CreatedOnToolsVersion = 12.5;
					};
					A8AA27D126A753B4005965EE = {
						CreatedOnToolsVersion = 12.5;
						TestTargetID = A8AA27BB26A753B4005965EE;
					};
					A8AA27DC26A753B4005965EE = {
						CreatedOnToolsVersion = 12.5;
						TestTargetID = A8AA27BB26A753B4005965EE;
					};
				};
			};
			buildConfigurationList = A8AA27B726A753B4005965EE /* Build configuration list for PBXProject "example" */;
			compatibilityVersion = "Xcode 9.3";
			developmentRegion = en;
			hasScannedForEncodings = 0;
			knownRegions = (
				en,
				Base,
			);
			mainGroup = A8AA27B326A753B4005965EE;
			productRefGroup = A8AA27BD26A753B4005965EE /* Products */;
			projectDirPath = "";
			projectRoot = "";
			targets = (
				A8AA27BB26A753B4005965EE /* example */,
				A8AA27D126A753B4005965EE /* exampleTests */,
				A8AA27DC26A753B4005965EE /* exampleUITests */,
			);
		};
/* End PBXProject section */

/* Begin PBXResourcesBuildPhase section */
		A8AA27BA26A753B4005965EE /* Resources */ = {
			isa = PBXResourcesBuildPhase;
			buildActionMask = 2147483647;
			files = (
				A8AA27CC26A753B4005965EE /* LaunchScreen.storyboard in Resources */,
				A8AA27C926A753B4005965EE /* Assets.xcassets in Resources */,
				A8AA27C726A753B4005965EE /* Main.storyboard in Resources */,
			);
			runOnlyForDeploymentPostprocessing = 0;
		};
		A8AA27D026A753B4005965EE /* Resources */ = {
			isa = PBXResourcesBuildPhase;
			buildActionMask = 2147483647;
			files = (
			);
			runOnlyForDeploymentPostprocessing = 0;
		};
		A8AA27DB26A753B4005965EE /* Resources */ = {
			isa = PBXResourcesBuildPhase;
			buildActionMask = 2147483647;
			files = (
			);
			runOnlyForDeploymentPostprocessing = 0;
		};
/* End PBXResourcesBuildPhase section */

/* Begin PBXSourcesBuildPhase section */
		A8AA27B826A753B4005965EE /* Sources */ = {
			isa = PBXSourcesBuildPhase;
			buildActionMask = 2147483647;
			files = (
				A8AA27C426A753B4005965EE /* ViewController.swift in Sources */,
				A8AA27C026A753B4005965EE /* AppDelegate.swift in Sources */,
				A8AA27C226A753B4005965EE /* SceneDelegate.swift in Sources */,
			);
			runOnlyForDeploymentPostprocessing = 0;
		};
		A8AA27CE26A753B4005965EE /* Sources */ = {
			isa = PBXSourcesBuildPhase;
			buildActionMask = 2147483647;
			files = (
				A8AA27D726A753B4005965EE /* exampleTests.swift in Sources */,
			);
			runOnlyForDeploymentPostprocessing = 0;
		};
		A8AA27D926A753B4005965EE /* Sources */ = {
			isa = PBXSourcesBuildPhase;
			buildActionMask = 2147483647;
			files = (
				A8AA27E226A753B4005965EE /* exampleUITests.swift in Sources */,
			);
			runOnlyForDeploymentPostprocessing = 0;
		};
/* End PBXSourcesBuildPhase section */

/* Begin PBXTargetDependency section */
		A8AA27D426A753B4005965EE /* PBXTargetDependency */ = {
			isa = PBXTargetDependency;
			target = A8AA27BB26A753B4005965EE /* example */;
			targetProxy = A8AA27D326A753B4005965EE /* PBXContainerItemProxy */;
		};
		A8AA27DF26A753B4005965EE /* PBXTargetDependency */ = {
			isa = PBXTargetDependency;
			target = A8AA27BB26A753B4005965EE /* example */;
			targetProxy = A8AA27DE26A753B4005965EE /* PBXContainerItemProxy */;
		};
/* End PBXTargetDependency section */

/* Begin PBXVariantGroup section */
		A8AA27C526A753B4005965EE /* Main.storyboard */ = {
			isa = PBXVariantGroup;
			children = (
				A8AA27C626A753B4005965EE /* Base */,
			);
			name = Main.storyboard;
			sourceTree = "<group>";
		};
		A8AA27CA26A753B4005965EE /* LaunchScreen.storyboard */ = {
			isa = PBXVariantGroup;
			children = (
				A8AA27CB26A753B4005965EE /* Base */,
			);
			name = LaunchScreen.storyboard;
			sourceTree = "<group>";
		};
/* End PBXVariantGroup section */

/* Begin XCBuildConfiguration section */
		A8AA27E426A753B4005965EE /* Debug */ = {
			isa = XCBuildConfiguration;
			buildSettings = {
				ALWAYS_SEARCH_USER_PATHS = NO;
				CLANG_ANALYZER_NONNULL = YES;
				CLANG_ANALYZER_NUMBER_OBJECT_CONVERSION = YES_AGGRESSIVE;
				CLANG_CXX_LANGUAGE_STANDARD = "gnu++14";
				CLANG_CXX_LIBRARY = "libc++";
				CLANG_ENABLE_MODULES = YES;
				CLANG_ENABLE_OBJC_ARC = YES;
				CLANG_ENABLE_OBJC_WEAK = YES;
				CLANG_WARN_BLOCK_CAPTURE_AUTORELEASING = YES;
				CLANG_WARN_BOOL_CONVERSION = YES;
				CLANG_WARN_COMMA = YES;
				CLANG_WARN_CONSTANT_CONVERSION = YES;
				CLANG_WARN_DEPRECATED_OBJC_IMPLEMENTATIONS = YES;
				CLANG_WARN_DIRECT_OBJC_ISA_USAGE = YES_ERROR;
				CLANG_WARN_DOCUMENTATION_COMMENTS = YES;
				CLANG_WARN_EMPTY_BODY = YES;
				CLANG_WARN_ENUM_CONVERSION = YES;
				CLANG_WARN_INFINITE_RECURSION = YES;
				CLANG_WARN_INT_CONVERSION = YES;
				CLANG_WARN_NON_LITERAL_NULL_CONVERSION = YES;
				CLANG_WARN_OBJC_IMPLICIT_RETAIN_SELF = YES;
				CLANG_WARN_OBJC_LITERAL_CONVERSION = YES;
				CLANG_WARN_OBJC_ROOT_CLASS = YES_ERROR;
				CLANG_WARN_QUOTED_INCLUDE_IN_FRAMEWORK_HEADER = YES;
				CLANG_WARN_RANGE_LOOP_ANALYSIS = YES;
				CLANG_WARN_STRICT_PROTOTYPES = YES;
				CLANG_WARN_SUSPICIOUS_MOVE = YES;
				CLANG_WARN_UNGUARDED_AVAILABILITY = YES_AGGRESSIVE;
				CLANG_WARN_UNREACHABLE_CODE = YES;
				CLANG_WARN__DUPLICATE_METHOD_MATCH = YES;
				COPY_PHASE_STRIP = NO;
				DEBUG_INFORMATION_FORMAT = dwarf;
				ENABLE_STRICT_OBJC_MSGSEND = YES;
				ENABLE_TESTABILITY = YES;
				GCC_C_LANGUAGE_STANDARD = gnu11;
				GCC_DYNAMIC_NO_PIC = NO;
				GCC_NO_COMMON_BLOCKS = YES;
				GCC_OPTIMIZATION_LEVEL = 0;
				GCC_PREPROCESSOR_DEFINITIONS = (
					"DEBUG=1",
					"$(inherited)",
				);
				GCC_WARN_64_TO_32_BIT_CONVERSION = YES;
				GCC_WARN_ABOUT_RETURN_TYPE = YES_ERROR;
				GCC_WARN_UNDECLARED_SELECTOR = YES;
				GCC_WARN_UNINITIALIZED_AUTOS = YES_AGGRESSIVE;
				GCC_WARN_UNUSED_FUNCTION = YES;
				GCC_WARN_UNUSED_VARIABLE = YES;
				IPHONEOS_DEPLOYMENT_TARGET = 14.5;
				MTL_ENABLE_DEBUG_INFO = INCLUDE_SOURCE;
				MTL_FAST_MATH = YES;
				ONLY_ACTIVE_ARCH = YES;
				SDKROOT = iphoneos;
				SWIFT_ACTIVE_COMPILATION_CONDITIONS = DEBUG;
				SWIFT_OPTIMIZATION_LEVEL = "-Onone";
			};
			name = Debug;
		};
		A8AA27E526A753B4005965EE /* Release */ = {
			isa = XCBuildConfiguration;
			buildSettings = {
				ALWAYS_SEARCH_USER_PATHS = NO;
				CLANG_ANALYZER_NONNULL = YES;
				CLANG_ANALYZER_NUMBER_OBJECT_CONVERSION = YES_AGGRESSIVE;
				CLANG_CXX_LANGUAGE_STANDARD = "gnu++14";
				CLANG_CXX_LIBRARY = "libc++";
				CLANG_ENABLE_MODULES = YES;
				CLANG_ENABLE_OBJC_ARC = YES;
				CLANG_ENABLE_OBJC_WEAK = YES;
				CLANG_WARN_BLOCK_CAPTURE_AUTORELEASING = YES;
				CLANG_WARN_BOOL_CONVERSION = YES;
				CLANG_WARN_COMMA = YES;
				CLANG_WARN_CONSTANT_CONVERSION = YES;
				CLANG_WARN_DEPRECATED_OBJC_IMPLEMENTATIONS = YES;
				CLANG_WARN_DIRECT_OBJC_ISA_USAGE = YES_ERROR;
				CLANG_WARN_DOCUMENTATION_COMMENTS = YES;
				CLANG_WARN_EMPTY_BODY = YES;
				CLANG_WARN_ENUM_CONVERSION = YES;
				CLANG_WARN_INFINITE_RECURSION = YES;
				CLANG_WARN_INT_CONVERSION = YES;
				CLANG_WARN_NON_LITERAL_NULL_CONVERSION = YES;
				CLANG_WARN_OBJC_IMPLICIT_RETAIN_SELF = YES;
				CLANG_WARN_OBJC_LITERAL_CONVERSION = YES;
				CLANG_WARN_OBJC_ROOT_CLASS = YES_ERROR;
				CLANG_WARN_QUOTED_INCLUDE_IN_FRAMEWORK_HEADER = YES;
				CLANG_WARN_RANGE_LOOP_ANALYSIS = YES;
				CLANG_WARN_STRICT_PROTOTYPES = YES;
				CLANG_WARN_SUSPICIOUS_MOVE = YES;
				CLANG_WARN_UNGUARDED_AVAILABILITY = YES_AGGRESSIVE;
				CLANG_WARN_UNREACHABLE_CODE = YES;
				CLANG_WARN__DUPLICATE_METHOD_MATCH = YES;
				COPY_PHASE_STRIP = NO;
				DEBUG_INFORMATION_FORMAT = "dwarf-with-dsym";
				ENABLE_NS_ASSERTIONS = NO;
				ENABLE_STRICT_OBJC_MSGSEND = YES;
				GCC_C_LANGUAGE_STANDARD = gnu11;
				GCC_NO_COMMON_BLOCKS = YES;
				GCC_WARN_64_TO_32_BIT_CONVERSION = YES;
				GCC_WARN_ABOUT_RETURN_TYPE = YES_ERROR;
				GCC_WARN_UNDECLARED_SELECTOR = YES;
				GCC_WARN_UNINITIALIZED_AUTOS = YES_AGGRESSIVE;
				GCC_WARN_UNUSED_FUNCTION = YES;
				GCC_WARN_UNUSED_VARIABLE = YES;
				IPHONEOS_DEPLOYMENT_TARGET = 14.5;
				MTL_ENABLE_DEBUG_INFO = NO;
				MTL_FAST_MATH = YES;
				SDKROOT = iphoneos;
				SWIFT_COMPILATION_MODE = wholemodule;
				SWIFT_OPTIMIZATION_LEVEL = "-O";
				VALIDATE_PRODUCT = YES;
			};
			name = Release;
		};
		A8AA27E726A753B4005965EE /* Debug */ = {
			isa = XCBuildConfiguration;
			buildSettings = {
				ASSETCATALOG_COMPILER_APPICON_NAME = AppIcon;
				ASSETCATALOG_COMPILER_GLOBAL_ACCENT_COLOR_NAME = AccentColor;
				CODE_SIGN_STYLE = Automatic;
				INFOPLIST_FILE = example/Info.plist;
				LD_RUNPATH_SEARCH_PATHS = (
					"$(inherited)",
					"@executable_path/Frameworks",
				);
				PRODUCT_BUNDLE_IDENTIFIER = KWK.example;
				PRODUCT_NAME = "$(TARGET_NAME)";
				SWIFT_VERSION = 5.0;
				TARGETED_DEVICE_FAMILY = "1,2";
			};
			name = Debug;
		};
		A8AA27E826A753B4005965EE /* Release */ = {
			isa = XCBuildConfiguration;
			buildSettings = {
				ASSETCATALOG_COMPILER_APPICON_NAME = AppIcon;
				ASSETCATALOG_COMPILER_GLOBAL_ACCENT_COLOR_NAME = AccentColor;
				CODE_SIGN_STYLE = Automatic;
				INFOPLIST_FILE = example/Info.plist;
				LD_RUNPATH_SEARCH_PATHS = (
					"$(inherited)",
					"@executable_path/Frameworks",
				);
				PRODUCT_BUNDLE_IDENTIFIER = KWK.example;
				PRODUCT_NAME = "$(TARGET_NAME)";
				SWIFT_VERSION = 5.0;
				TARGETED_DEVICE_FAMILY = "1,2";
			};
			name = Release;
		};
		A8AA27EA26A753B4005965EE /* Debug */ = {
			isa = XCBuildConfiguration;
			buildSettings = {
				ALWAYS_EMBED_SWIFT_STANDARD_LIBRARIES = YES;
				BUNDLE_LOADER = "$(TEST_HOST)";
				CODE_SIGN_STYLE = Automatic;
				INFOPLIST_FILE = exampleTests/Info.plist;
				IPHONEOS_DEPLOYMENT_TARGET = 14.5;
				LD_RUNPATH_SEARCH_PATHS = (
					"$(inherited)",
					"@executable_path/Frameworks",
					"@loader_path/Frameworks",
				);
				PRODUCT_BUNDLE_IDENTIFIER = KWK.exampleTests;
				PRODUCT_NAME = "$(TARGET_NAME)";
				SWIFT_VERSION = 5.0;
				TARGETED_DEVICE_FAMILY = "1,2";
				TEST_HOST = "$(BUILT_PRODUCTS_DIR)/example.app/example";
			};
			name = Debug;
		};
		A8AA27EB26A753B4005965EE /* Release */ = {
			isa = XCBuildConfiguration;
			buildSettings = {
				ALWAYS_EMBED_SWIFT_STANDARD_LIBRARIES = YES;
				BUNDLE_LOADER = "$(TEST_HOST)";
				CODE_SIGN_STYLE = Automatic;
				INFOPLIST_FILE = exampleTests/Info.plist;
				IPHONEOS_DEPLOYMENT_TARGET = 14.5;
				LD_RUNPATH_SEARCH_PATHS = (
					"$(inherited)",
					"@executable_path/Frameworks",
					"@loader_path/Frameworks",
				);
				PRODUCT_BUNDLE_IDENTIFIER = KWK.exampleTests;
				PRODUCT_NAME = "$(TARGET_NAME)";
				SWIFT_VERSION = 5.0;
				TARGETED_DEVICE_FAMILY = "1,2";
				TEST_HOST = "$(BUILT_PRODUCTS_DIR)/example.app/example";
			};
			name = Release;
		};
		A8AA27ED26A753B4005965EE /* Debug */ = {
			isa = XCBuildConfiguration;
			buildSettings = {
				ALWAYS_EMBED_SWIFT_STANDARD_LIBRARIES = YES;
				CODE_SIGN_STYLE = Automatic;
				INFOPLIST_FILE = exampleUITests/Info.plist;
				LD_RUNPATH_SEARCH_PATHS = (
					"$(inherited)",
					"@executable_path/Frameworks",
					"@loader_path/Frameworks",
				);
				PRODUCT_BUNDLE_IDENTIFIER = KWK.exampleUITests;
				PRODUCT_NAME = "$(TARGET_NAME)";
				SWIFT_VERSION = 5.0;
				TARGETED_DEVICE_FAMILY = "1,2";
				TEST_TARGET_NAME = example;
			};
			name = Debug;
		};
		A8AA27EE26A753B4005965EE /* Release */ = {
			isa = XCBuildConfiguration;
			buildSettings = {
				ALWAYS_EMBED_SWIFT_STANDARD_LIBRARIES = YES;
				CODE_SIGN_STYLE = Automatic;
				INFOPLIST_FILE = exampleUITests/Info.plist;
				LD_RUNPATH_SEARCH_PATHS = (
					"$(inherited)",
					"@executable_path/Frameworks",
					"@loader_path/Frameworks",
				);
				PRODUCT_BUNDLE_IDENTIFIER = KWK.exampleUITests;
				PRODUCT_NAME = "$(TARGET_NAME)";
				SWIFT_VERSION = 5.0;
				TARGETED_DEVICE_FAMILY = "1,2";
				TEST_TARGET_NAME = example;
			};
			name = Release;
		};
/* End XCBuildConfiguration section */

/* Begin XCConfigurationList section */
		A8AA27B726A753B4005965EE /* Build configuration list for PBXProject "example" */ = {
			isa = XCConfigurationList;
			buildConfigurations = (
				A8AA27E426A753B4005965EE /* Debug */,
				A8AA27E526A753B4005965EE /* Release */,
			);
			defaultConfigurationIsVisible = 0;
			defaultConfigurationName = Release;
		};
		A8AA27E626A753B4005965EE /* Build configuration list for PBXNativeTarget "example" */ = {
			isa = XCConfigurationList;
			buildConfigurations = (
				A8AA27E726A753B4005965EE /* Debug */,
				A8AA27E826A753B4005965EE /* Release */,
			);
			defaultConfigurationIsVisible = 0;
			defaultConfigurationName = Release;
		};
		A8AA27E926A753B4005965EE /* Build configuration list for PBXNativeTarget "exampleTests" */ = {
			isa = XCConfigurationList;
			buildConfigurations = (
				A8AA27EA26A753B4005965EE /* Debug */,
				A8AA27EB26A753B4005965EE /* Release */,
			);
			defaultConfigurationIsVisible = 0;
			defaultConfigurationName = Release;
		};
		A8AA27EC26A753B4005965EE /* Build configuration list for PBXNativeTarget "exampleUITests" */ = {
			isa = XCConfigurationList;
			buildConfigurations = (
				A8AA27ED26A753B4005965EE /* Debug */,
				A8AA27EE26A753B4005965EE /* Release */,
			);
			defaultConfigurationIsVisible = 0;
			defaultConfigurationName = Release;
		};
/* End XCConfigurationList section */
	};
	rootObject = A8AA27B426A753B4005965EE /* Project object */;
}
